
Microsoft Visual Studio Solution File, Format Version 12.00
# Visual Studio Version 17
VisualStudioVersion = 17.0.31903.59
MinimumVisualStudioVersion = 10.0.40219.1
Project("{9A19103F-16F7-4668-BE54-9A1E7A4F7556}") = "ProductCatalog.Domain", "src\ProductCatalog.Domain\ProductCatalog.Domain.csproj", "{A40C7F6A-929F-4A4C-A558-55898091399D}"
EndProject
Project("{FAE04EC0-301F-11D3-BF4B-00C04F79EFBC}") = "ProductCatalog.Infra.Data", "src\ProductCatalog.Infra.Data\ProductCatalog.Infra.Data.csproj", "{097851CE-9D83-4AB3-9D33-3337C2632B4C}"
EndProject
Project("{FAE04EC0-301F-11D3-BF4B-00C04F79EFBC}") = "ProductCatalog.Infra.IoC", "src\ProductCatalog.Infra.IoC\ProductCatalog.Infra.IoC.csproj", "{C7B55054-0F63-4518-A462-34B8922D6E96}"
EndProject
Global
	GlobalSection(SolutionConfigurationPlatforms) = preSolution
		Debug|Any CPU = Debug|Any CPU
		Release|Any CPU = Release|Any CPU
	EndGlobalSection
	GlobalSection(ProjectConfigurationPlatforms) = postSolution
		{A40C7F6A-929F-4A4C-A558-55898091399D}.Debug|Any CPU.ActiveCfg = Debug|Any CPU
		{A40C7F6A-929F-4A4C-A558-55898091399D}.Debug|Any CPU.Build.0 = Debug|Any CPU
		{A40C7F6A-929F-4A4C-A558-55898091399D}.Release|Any CPU.ActiveCfg = Release|Any CPU
		{A40C7F6A-929F-4A4C-A558-55898091399D}.Release|Any CPU.Build.0 = Release|Any CPU
		{097851CE-9D83-4AB3-9D33-3337C2632B4C}.Debug|Any CPU.ActiveCfg = Debug|Any CPU
		{097851CE-9D83-4AB3-9D33-3337C2632B4C}.Debug|Any CPU.Build.0 = Debug|Any CPU
		{097851CE-9D83-4AB3-9D33-3337C2632B4C}.Release|Any CPU.ActiveCfg = Release|Any CPU
		{097851CE-9D83-4AB3-9D33-3337C2632B4C}.Release|Any CPU.Build.0 = Release|Any CPU
		{C7B55054-0F63-4518-A462-34B8922D6E96}.Debug|Any CPU.ActiveCfg = Debug|Any CPU
		{C7B55054-0F63-4518-A462-34B8922D6E96}.Debug|Any CPU.Build.0 = Debug|Any CPU
		{C7B55054-0F63-4518-A462-34B8922D6E96}.Release|Any CPU.ActiveCfg = Release|Any CPU
		{C7B55054-0F63-4518-A462-34B8922D6E96}.Release|Any CPU.Build.0 = Release|Any CPU
	EndGlobalSection
	GlobalSection(SolutionProperties) = preSolution
		HideSolutionNode = FALSE
	EndGlobalSection
	GlobalSection(ExtensibilityGlobals) = postSolution
		SolutionGuid = {32BA9E60-ED9B-4C36-92FC-BA9A78C8FED9}
	EndGlobalSection
EndGlobal
